
Microsoft Visual Studio Solution File, Format Version 12.00
# Visual Studio Version 17
VisualStudioVersion = 17.8.34322.80
MinimumVisualStudioVersion = 10.0.40219.1
Project("{9A19103F-16F7-4668-BE54-9A1E7A4F7556}") = "ExperimentalApp", "ExperimentalApp\ExperimentalApp.csproj", "{720D1464-AAD4-4A1D-8560-9444E0D03EAD}"
EndProject
Project("{9A19103F-16F7-4668-BE54-9A1E7A4F7556}") = "ExperimentalApp.UnitTests", "ExperimentalApp.UnitTests\ExperimentalApp.UnitTests.csproj", "{216AB673-B8FD-4E96-9F79-758D44A81E6B}"
EndProject
Project("{FAE04EC0-301F-11D3-BF4B-00C04F79EFBC}") = "ExperimentalApp.BusinessLogic", "ExperimentalApp.BusinessLogic\ExperimentalApp.BusinessLogic.csproj", "{469A87E1-C57E-439C-A54F-C84053FC537D}"
EndProject
Project("{FAE04EC0-301F-11D3-BF4B-00C04F79EFBC}") = "ExperimentalApp.Core", "ExperimentalApp.Core\ExperimentalApp.Core.csproj", "{6F248C75-9642-457F-AAF9-7C6CAF8DE002}"
EndProject
Project("{FAE04EC0-301F-11D3-BF4B-00C04F79EFBC}") = "ExperimentalApp.DataAccessLayer", "ExperimentalApp.DataAccessLayer\ExperimentalApp.DataAccessLayer.csproj", "{89F79DCE-0BDB-4D5C-B538-963258FB1949}"
EndProject
Global
	GlobalSection(SolutionConfigurationPlatforms) = preSolution
		Debug|Any CPU = Debug|Any CPU
		Release|Any CPU = Release|Any CPU
	EndGlobalSection
	GlobalSection(ProjectConfigurationPlatforms) = postSolution
		{720D1464-AAD4-4A1D-8560-9444E0D03EAD}.Debug|Any CPU.ActiveCfg = Debug|Any CPU
		{720D1464-AAD4-4A1D-8560-9444E0D03EAD}.Debug|Any CPU.Build.0 = Debug|Any CPU
		{720D1464-AAD4-4A1D-8560-9444E0D03EAD}.Release|Any CPU.ActiveCfg = Release|Any CPU
		{720D1464-AAD4-4A1D-8560-9444E0D03EAD}.Release|Any CPU.Build.0 = Release|Any CPU
		{216AB673-B8FD-4E96-9F79-758D44A81E6B}.Debug|Any CPU.ActiveCfg = Debug|Any CPU
		{216AB673-B8FD-4E96-9F79-758D44A81E6B}.Debug|Any CPU.Build.0 = Debug|Any CPU
		{216AB673-B8FD-4E96-9F79-758D44A81E6B}.Release|Any CPU.ActiveCfg = Release|Any CPU
		{216AB673-B8FD-4E96-9F79-758D44A81E6B}.Release|Any CPU.Build.0 = Release|Any CPU
		{469A87E1-C57E-439C-A54F-C84053FC537D}.Debug|Any CPU.ActiveCfg = Debug|Any CPU
		{469A87E1-C57E-439C-A54F-C84053FC537D}.Debug|Any CPU.Build.0 = Debug|Any CPU
		{469A87E1-C57E-439C-A54F-C84053FC537D}.Release|Any CPU.ActiveCfg = Release|Any CPU
		{469A87E1-C57E-439C-A54F-C84053FC537D}.Release|Any CPU.Build.0 = Release|Any CPU
		{6F248C75-9642-457F-AAF9-7C6CAF8DE002}.Debug|Any CPU.ActiveCfg = Debug|Any CPU
		{6F248C75-9642-457F-AAF9-7C6CAF8DE002}.Debug|Any CPU.Build.0 = Debug|Any CPU
		{6F248C75-9642-457F-AAF9-7C6CAF8DE002}.Release|Any CPU.ActiveCfg = Release|Any CPU
		{6F248C75-9642-457F-AAF9-7C6CAF8DE002}.Release|Any CPU.Build.0 = Release|Any CPU
		{89F79DCE-0BDB-4D5C-B538-963258FB1949}.Debug|Any CPU.ActiveCfg = Debug|Any CPU
		{89F79DCE-0BDB-4D5C-B538-963258FB1949}.Debug|Any CPU.Build.0 = Debug|Any CPU
		{89F79DCE-0BDB-4D5C-B538-963258FB1949}.Release|Any CPU.ActiveCfg = Release|Any CPU
		{89F79DCE-0BDB-4D5C-B538-963258FB1949}.Release|Any CPU.Build.0 = Release|Any CPU
	EndGlobalSection
	GlobalSection(SolutionProperties) = preSolution
		HideSolutionNode = FALSE
	EndGlobalSection
	GlobalSection(ExtensibilityGlobals) = postSolution
		SolutionGuid = {A97E0F1B-F921-4352-A4CD-6C2E04A8A4B8}
	EndGlobalSection
EndGlobal
